{
  "version": 4,
  "terraform_version": "0.14.4",
  "serial": 16,
  "lineage": "aa6ba06f-36b7-e693-2a4c-7b5c961fb661",
  "outputs": {},
  "resources": [
    {
      "module": "module.incident-response",
      "mode": "managed",
      "type": "newrelic_alert_policy",
      "name": "collector-policy",
      "provider": "provider[\"registry.terraform.io/newrelic/newrelic\"]",
      "instances": [
        {
          "schema_version": 0,
          "attributes": {
            "account_id": 10867072,
            "channel_ids": null,
            "id": "810564",
            "incident_preference": "PER_POLICY",
            "name": "Notifications-collector"
          },
          "sensitive_attributes": [],
          "private": "bnVsbA=="
        }
      ]
    },
    {
      "module": "module.incident-response",
      "mode": "managed",
      "type": "newrelic_alert_policy",
      "name": "foo",
      "provider": "provider[\"registry.terraform.io/newrelic/newrelic\"]",
      "instances": [
        {
          "schema_version": 0,
          "attributes": {
            "account_id": 10867072,
            "channel_ids": null,
            "id": "810553",
            "incident_preference": "PER_POLICY",
            "name": "for-import"
          },
          "sensitive_attributes": [],
          "private": "eyJzY2hlbWFfdmVyc2lvbiI6IjAifQ=="
        }
      ]
    }
  ]
}
